
Microsoft Visual Studio Solution File, Format Version 12.00
# Visual Studio 14
VisualStudioVersion = 14.0.25420.1
MinimumVisualStudioVersion = 10.0.40219.1
Project("{F184B08F-C81C-45F6-A57F-5ABD9991F28F}") = "UXL-Launcher", "UXL-Launcher\UXL-Launcher.vbproj", "{76CA5F6C-D3B6-4240-866B-EDD38C0FA084}"
	ProjectSection(ProjectDependencies) = postProject
		{CA4A9AE5-D870-4067-B6B5-15955BF01E9D} = {CA4A9AE5-D870-4067-B6B5-15955BF01E9D}
	EndProjectSection
EndProject
Project("{F184B08F-C81C-45F6-A57F-5ABD9991F28F}") = "libportablethemeengine", "PortableUXLLauncher_ThemeEngine\libportablethemeengine.vbproj", "{CA4A9AE5-D870-4067-B6B5-15955BF01E9D}"
EndProject
Project("{F184B08F-C81C-45F6-A57F-5ABD9991F28F}") = "theme-editor", "theme-editor\theme-editor.vbproj", "{BCDF1BEC-3766-4D58-A62F-04FEAC5C9854}"
EndProject
Project("{F184B08F-C81C-45F6-A57F-5ABD9991F28F}") = "PortableThemeEngineDebugger", "PortableThemeEngineDebugger\PortableThemeEngineDebugger.vbproj", "{C63C5582-81AA-46F0-BA4F-D9A808B7E9F9}"
EndProject
Global
	GlobalSection(SolutionConfigurationPlatforms) = preSolution
		Debug|Any CPU = Debug|Any CPU
		Release|Any CPU = Release|Any CPU
	EndGlobalSection
	GlobalSection(ProjectConfigurationPlatforms) = postSolution
		{76CA5F6C-D3B6-4240-866B-EDD38C0FA084}.Debug|Any CPU.ActiveCfg = Debug|Any CPU
		{76CA5F6C-D3B6-4240-866B-EDD38C0FA084}.Debug|Any CPU.Build.0 = Debug|Any CPU
		{76CA5F6C-D3B6-4240-866B-EDD38C0FA084}.Release|Any CPU.ActiveCfg = Release|Any CPU
		{76CA5F6C-D3B6-4240-866B-EDD38C0FA084}.Release|Any CPU.Build.0 = Release|Any CPU
		{CA4A9AE5-D870-4067-B6B5-15955BF01E9D}.Debug|Any CPU.ActiveCfg = Debug|Any CPU
		{CA4A9AE5-D870-4067-B6B5-15955BF01E9D}.Debug|Any CPU.Build.0 = Debug|Any CPU
		{CA4A9AE5-D870-4067-B6B5-15955BF01E9D}.Release|Any CPU.ActiveCfg = Release|Any CPU
		{CA4A9AE5-D870-4067-B6B5-15955BF01E9D}.Release|Any CPU.Build.0 = Release|Any CPU
		{BCDF1BEC-3766-4D58-A62F-04FEAC5C9854}.Debug|Any CPU.ActiveCfg = Debug|Any CPU
		{BCDF1BEC-3766-4D58-A62F-04FEAC5C9854}.Debug|Any CPU.Build.0 = Debug|Any CPU
		{BCDF1BEC-3766-4D58-A62F-04FEAC5C9854}.Release|Any CPU.ActiveCfg = Release|Any CPU
		{BCDF1BEC-3766-4D58-A62F-04FEAC5C9854}.Release|Any CPU.Build.0 = Release|Any CPU
		{C63C5582-81AA-46F0-BA4F-D9A808B7E9F9}.Debug|Any CPU.ActiveCfg = Debug|Any CPU
		{C63C5582-81AA-46F0-BA4F-D9A808B7E9F9}.Debug|Any CPU.Build.0 = Debug|Any CPU
		{C63C5582-81AA-46F0-BA4F-D9A808B7E9F9}.Release|Any CPU.ActiveCfg = Release|Any CPU
		{C63C5582-81AA-46F0-BA4F-D9A808B7E9F9}.Release|Any CPU.Build.0 = Release|Any CPU
	EndGlobalSection
	GlobalSection(SolutionProperties) = preSolution
		HideSolutionNode = FALSE
	EndGlobalSection
EndGlobal
